// !$*UTF8*$!
{
	archiveVersion = 1;
	classes = {
	};
	objectVersion = 46;
	objects = {

/* Begin PBXBuildFile section */
		6C7A537B1EE43C16004C4779 /* AppDelegate.swift in Sources */ = {isa = PBXBuildFile; fileRef = 6C7A537A1EE43C16004C4779 /* AppDelegate.swift */; };
		6C7A537D1EE43C16004C4779 /* MainViewController.swift in Sources */ = {isa = PBXBuildFile; fileRef = 6C7A537C1EE43C16004C4779 /* MainViewController.swift */; };
		6C7A53801EE43C16004C4779 /* Main.storyboard in Resources */ = {isa = PBXBuildFile; fileRef = 6C7A537E1EE43C16004C4779 /* Main.storyboard */; };
		6C7A53831EE43C16004C4779 /* TwitchTvApp.xcdatamodeld in Sources */ = {isa = PBXBuildFile; fileRef = 6C7A53811EE43C16004C4779 /* TwitchTvApp.xcdatamodeld */; };
		6C7A53851EE43C16004C4779 /* Assets.xcassets in Resources */ = {isa = PBXBuildFile; fileRef = 6C7A53841EE43C16004C4779 /* Assets.xcassets */; };
		6C7A53881EE43C16004C4779 /* LaunchScreen.storyboard in Resources */ = {isa = PBXBuildFile; fileRef = 6C7A53861EE43C16004C4779 /* LaunchScreen.storyboard */; };
		6C7A53931EE43C16004C4779 /* TwitchTvAppTests.swift in Sources */ = {isa = PBXBuildFile; fileRef = 6C7A53921EE43C16004C4779 /* TwitchTvAppTests.swift */; };
		6C7A53A01EE442F5004C4779 /* GameCell.swift in Sources */ = {isa = PBXBuildFile; fileRef = 6C7A539F1EE442F5004C4779 /* GameCell.swift */; };
		6C7A53A21EE44656004C4779 /* CollectionViewExtensions.swift in Sources */ = {isa = PBXBuildFile; fileRef = 6C7A53A11EE44656004C4779 /* CollectionViewExtensions.swift */; };
		6C7A53A91EE44BB9004C4779 /* GameCell.xib in Resources */ = {isa = PBXBuildFile; fileRef = 6C7A53A71EE44BB9004C4779 /* GameCell.xib */; };
/* End PBXBuildFile section */

/* Begin PBXContainerItemProxy section */
		6C7A538F1EE43C16004C4779 /* PBXContainerItemProxy */ = {
			isa = PBXContainerItemProxy;
			containerPortal = 6C7A536F1EE43C16004C4779 /* Project object */;
			proxyType = 1;
			remoteGlobalIDString = 6C7A53761EE43C16004C4779;
			remoteInfo = TwitchTvApp;
		};
/* End PBXContainerItemProxy section */

/* Begin PBXFileReference section */
		6C7A53771EE43C16004C4779 /* TwitchTvApp.app */ = {isa = PBXFileReference; explicitFileType = wrapper.application; includeInIndex = 0; path = TwitchTvApp.app; sourceTree = BUILT_PRODUCTS_DIR; };
		6C7A537A1EE43C16004C4779 /* AppDelegate.swift */ = {isa = PBXFileReference; lastKnownFileType = sourcecode.swift; path = AppDelegate.swift; sourceTree = "<group>"; };
		6C7A537C1EE43C16004C4779 /* MainViewController.swift */ = {isa = PBXFileReference; lastKnownFileType = sourcecode.swift; path = MainViewController.swift; sourceTree = "<group>"; };
		6C7A537F1EE43C16004C4779 /* Base */ = {isa = PBXFileReference; lastKnownFileType = file.storyboard; name = Base; path = Base.lproj/Main.storyboard; sourceTree = "<group>"; };
		6C7A53821EE43C16004C4779 /* TwitchTvApp.xcdatamodel */ = {isa = PBXFileReference; lastKnownFileType = wrapper.xcdatamodel; path = TwitchTvApp.xcdatamodel; sourceTree = "<group>"; };
		6C7A53841EE43C16004C4779 /* Assets.xcassets */ = {isa = PBXFileReference; lastKnownFileType = folder.assetcatalog; path = Assets.xcassets; sourceTree = "<group>"; };
		6C7A53871EE43C16004C4779 /* Base */ = {isa = PBXFileReference; lastKnownFileType = file.storyboard; name = Base; path = Base.lproj/LaunchScreen.storyboard; sourceTree = "<group>"; };
		6C7A53891EE43C16004C4779 /* Info.plist */ = {isa = PBXFileReference; lastKnownFileType = text.plist.xml; path = Info.plist; sourceTree = "<group>"; };
		6C7A538E1EE43C16004C4779 /* TwitchTvAppTests.xctest */ = {isa = PBXFileReference; explicitFileType = wrapper.cfbundle; includeInIndex = 0; path = TwitchTvAppTests.xctest; sourceTree = BUILT_PRODUCTS_DIR; };
		6C7A53921EE43C16004C4779 /* TwitchTvAppTests.swift */ = {isa = PBXFileReference; lastKnownFileType = sourcecode.swift; path = TwitchTvAppTests.swift; sourceTree = "<group>"; };
		6C7A53941EE43C16004C4779 /* Info.plist */ = {isa = PBXFileReference; lastKnownFileType = text.plist.xml; path = Info.plist; sourceTree = "<group>"; };
		6C7A539F1EE442F5004C4779 /* GameCell.swift */ = {isa = PBXFileReference; fileEncoding = 4; lastKnownFileType = sourcecode.swift; path = GameCell.swift; sourceTree = "<group>"; };
		6C7A53A11EE44656004C4779 /* CollectionViewExtensions.swift */ = {isa = PBXFileReference; fileEncoding = 4; lastKnownFileType = sourcecode.swift; path = CollectionViewExtensions.swift; sourceTree = "<group>"; };
		6C7A53A71EE44BB9004C4779 /* GameCell.xib */ = {isa = PBXFileReference; fileEncoding = 4; lastKnownFileType = file.xib; path = GameCell.xib; sourceTree = "<group>"; };
/* End PBXFileReference section */

/* Begin PBXFrameworksBuildPhase section */
		6C7A53741EE43C16004C4779 /* Frameworks */ = {
			isa = PBXFrameworksBuildPhase;
			buildActionMask = 2147483647;
			files = (
			);
			runOnlyForDeploymentPostprocessing = 0;
		};
		6C7A538B1EE43C16004C4779 /* Frameworks */ = {
			isa = PBXFrameworksBuildPhase;
			buildActionMask = 2147483647;
			files = (
			);
			runOnlyForDeploymentPostprocessing = 0;
		};
/* End PBXFrameworksBuildPhase section */

/* Begin PBXGroup section */
		6C7A536E1EE43C16004C4779 = {
			isa = PBXGroup;
			children = (
				6C7A53791EE43C16004C4779 /* TwitchTvApp */,
				6C7A53911EE43C16004C4779 /* TwitchTvAppTests */,
				6C7A53781EE43C16004C4779 /* Products */,
			);
			sourceTree = "<group>";
		};
		6C7A53781EE43C16004C4779 /* Products */ = {
			isa = PBXGroup;
			children = (
				6C7A53771EE43C16004C4779 /* TwitchTvApp.app */,
				6C7A538E1EE43C16004C4779 /* TwitchTvAppTests.xctest */,
			);
			name = Products;
			sourceTree = "<group>";
		};
		6C7A53791EE43C16004C4779 /* TwitchTvApp */ = {
			isa = PBXGroup;
			children = (
				6C7A53A51EE44946004C4779 /* Cell */,
				6C7A537A1EE43C16004C4779 /* AppDelegate.swift */,
				6C7A537C1EE43C16004C4779 /* MainViewController.swift */,
				6C7A53A11EE44656004C4779 /* CollectionViewExtensions.swift */,
				6C7A537E1EE43C16004C4779 /* Main.storyboard */,
				6C7A53811EE43C16004C4779 /* TwitchTvApp.xcdatamodeld */,
				6C7A53AA1EE44C39004C4779 /* support */,
			);
			path = TwitchTvApp;
			sourceTree = "<group>";
		};
		6C7A53911EE43C16004C4779 /* TwitchTvAppTests */ = {
			isa = PBXGroup;
			children = (
				6C7A53921EE43C16004C4779 /* TwitchTvAppTests.swift */,
				6C7A53941EE43C16004C4779 /* Info.plist */,
			);
			path = TwitchTvAppTests;
			sourceTree = "<group>";
		};
		6C7A53A51EE44946004C4779 /* Cell */ = {
			isa = PBXGroup;
			children = (
				6C7A539F1EE442F5004C4779 /* GameCell.swift */,
				6C7A53A71EE44BB9004C4779 /* GameCell.xib */,
			);
			name = Cell;
			sourceTree = "<group>";
		};
		6C7A53AA1EE44C39004C4779 /* support */ = {
			isa = PBXGroup;
			children = (
				6C7A53841EE43C16004C4779 /* Assets.xcassets */,
				6C7A53861EE43C16004C4779 /* LaunchScreen.storyboard */,
				6C7A53891EE43C16004C4779 /* Info.plist */,
			);
			name = support;
			sourceTree = "<group>";
		};
/* End PBXGroup section */

/* Begin PBXNativeTarget section */
		6C7A53761EE43C16004C4779 /* TwitchTvApp */ = {
			isa = PBXNativeTarget;
			buildConfigurationList = 6C7A53971EE43C16004C4779 /* Build configuration list for PBXNativeTarget "TwitchTvApp" */;
			buildPhases = (
				6C7A53731EE43C16004C4779 /* Sources */,
				6C7A53741EE43C16004C4779 /* Frameworks */,
				6C7A53751EE43C16004C4779 /* Resources */,
			);
			buildRules = (
			);
			dependencies = (
			);
			name = TwitchTvApp;
			productName = TwitchTvApp;
			productReference = 6C7A53771EE43C16004C4779 /* TwitchTvApp.app */;
			productType = "com.apple.product-type.application";
		};
		6C7A538D1EE43C16004C4779 /* TwitchTvAppTests */ = {
			isa = PBXNativeTarget;
			buildConfigurationList = 6C7A539A1EE43C16004C4779 /* Build configuration list for PBXNativeTarget "TwitchTvAppTests" */;
			buildPhases = (
				6C7A538A1EE43C16004C4779 /* Sources */,
				6C7A538B1EE43C16004C4779 /* Frameworks */,
				6C7A538C1EE43C16004C4779 /* Resources */,
			);
			buildRules = (
			);
			dependencies = (
				6C7A53901EE43C16004C4779 /* PBXTargetDependency */,
			);
			name = TwitchTvAppTests;
			productName = TwitchTvAppTests;
			productReference = 6C7A538E1EE43C16004C4779 /* TwitchTvAppTests.xctest */;
			productType = "com.apple.product-type.bundle.unit-test";
		};
/* End PBXNativeTarget section */

/* Begin PBXProject section */
		6C7A536F1EE43C16004C4779 /* Project object */ = {
			isa = PBXProject;
			attributes = {
				LastSwiftUpdateCheck = 0830;
				LastUpgradeCheck = 0830;
				ORGANIZATIONNAME = "Edgar Cardoso";
				TargetAttributes = {
					6C7A53761EE43C16004C4779 = {
						CreatedOnToolsVersion = 8.3.2;
						DevelopmentTeam = XK87ZWXZ25;
						ProvisioningStyle = Automatic;
					};
					6C7A538D1EE43C16004C4779 = {
						CreatedOnToolsVersion = 8.3.2;
						DevelopmentTeam = XK87ZWXZ25;
						ProvisioningStyle = Automatic;
						TestTargetID = 6C7A53761EE43C16004C4779;
					};
				};
			};
			buildConfigurationList = 6C7A53721EE43C16004C4779 /* Build configuration list for PBXProject "TwitchTvApp" */;
			compatibilityVersion = "Xcode 3.2";
			developmentRegion = English;
			hasScannedForEncodings = 0;
			knownRegions = (
				en,
				Base,
			);
			mainGroup = 6C7A536E1EE43C16004C4779;
			productRefGroup = 6C7A53781EE43C16004C4779 /* Products */;
			projectDirPath = "";
			projectRoot = "";
			targets = (
				6C7A53761EE43C16004C4779 /* TwitchTvApp */,
				6C7A538D1EE43C16004C4779 /* TwitchTvAppTests */,
			);
		};
/* End PBXProject section */

/* Begin PBXResourcesBuildPhase section */
		6C7A53751EE43C16004C4779 /* Resources */ = {
			isa = PBXResourcesBuildPhase;
			buildActionMask = 2147483647;
			files = (
				6C7A53A91EE44BB9004C4779 /* GameCell.xib in Resources */,
				6C7A53881EE43C16004C4779 /* LaunchScreen.storyboard in Resources */,
				6C7A53851EE43C16004C4779 /* Assets.xcassets in Resources */,
				6C7A53801EE43C16004C4779 /* Main.storyboard in Resources */,
			);
			runOnlyForDeploymentPostprocessing = 0;
		};
		6C7A538C1EE43C16004C4779 /* Resources */ = {
			isa = PBXResourcesBuildPhase;
			buildActionMask = 2147483647;
			files = (
			);
			runOnlyForDeploymentPostprocessing = 0;
		};
/* End PBXResourcesBuildPhase section */

/* Begin PBXSourcesBuildPhase section */
		6C7A53731EE43C16004C4779 /* Sources */ = {
			isa = PBXSourcesBuildPhase;
			buildActionMask = 2147483647;
			files = (
				6C7A53A21EE44656004C4779 /* CollectionViewExtensions.swift in Sources */,
				6C7A537D1EE43C16004C4779 /* MainViewController.swift in Sources */,
				6C7A537B1EE43C16004C4779 /* AppDelegate.swift in Sources */,
				6C7A53831EE43C16004C4779 /* TwitchTvApp.xcdatamodeld in Sources */,
				6C7A53A01EE442F5004C4779 /* GameCell.swift in Sources */,
			);
			runOnlyForDeploymentPostprocessing = 0;
		};
		6C7A538A1EE43C16004C4779 /* Sources */ = {
			isa = PBXSourcesBuildPhase;
			buildActionMask = 2147483647;
			files = (
				6C7A53931EE43C16004C4779 /* TwitchTvAppTests.swift in Sources */,
			);
			runOnlyForDeploymentPostprocessing = 0;
		};
/* End PBXSourcesBuildPhase section */

/* Begin PBXTargetDependency section */
		6C7A53901EE43C16004C4779 /* PBXTargetDependency */ = {
			isa = PBXTargetDependency;
			target = 6C7A53761EE43C16004C4779 /* TwitchTvApp */;
			targetProxy = 6C7A538F1EE43C16004C4779 /* PBXContainerItemProxy */;
		};
/* End PBXTargetDependency section */

/* Begin PBXVariantGroup section */
		6C7A537E1EE43C16004C4779 /* Main.storyboard */ = {
			isa = PBXVariantGroup;
			children = (
				6C7A537F1EE43C16004C4779 /* Base */,
			);
			name = Main.storyboard;
			sourceTree = "<group>";
		};
		6C7A53861EE43C16004C4779 /* LaunchScreen.storyboard */ = {
			isa = PBXVariantGroup;
			children = (
				6C7A53871EE43C16004C4779 /* Base */,
			);
			name = LaunchScreen.storyboard;
			sourceTree = "<group>";
		};
/* End PBXVariantGroup section */

/* Begin XCBuildConfiguration section */
		6C7A53951EE43C16004C4779 /* Debug */ = {
			isa = XCBuildConfiguration;
			buildSettings = {
				ALWAYS_SEARCH_USER_PATHS = NO;
				CLANG_ANALYZER_NONNULL = YES;
				CLANG_ANALYZER_NUMBER_OBJECT_CONVERSION = YES_AGGRESSIVE;
				CLANG_CXX_LANGUAGE_STANDARD = "gnu++0x";
				CLANG_CXX_LIBRARY = "libc++";
				CLANG_ENABLE_MODULES = YES;
				CLANG_ENABLE_OBJC_ARC = YES;
				CLANG_WARN_BOOL_CONVERSION = YES;
				CLANG_WARN_CONSTANT_CONVERSION = YES;
				CLANG_WARN_DIRECT_OBJC_ISA_USAGE = YES_ERROR;
				CLANG_WARN_DOCUMENTATION_COMMENTS = YES;
				CLANG_WARN_EMPTY_BODY = YES;
				CLANG_WARN_ENUM_CONVERSION = YES;
				CLANG_WARN_INFINITE_RECURSION = YES;
				CLANG_WARN_INT_CONVERSION = YES;
				CLANG_WARN_OBJC_ROOT_CLASS = YES_ERROR;
				CLANG_WARN_SUSPICIOUS_MOVE = YES;
				CLANG_WARN_UNREACHABLE_CODE = YES;
				CLANG_WARN__DUPLICATE_METHOD_MATCH = YES;
				"CODE_SIGN_IDENTITY[sdk=iphoneos*]" = "iPhone Developer";
				COPY_PHASE_STRIP = NO;
				DEBUG_INFORMATION_FORMAT = dwarf;
				ENABLE_STRICT_OBJC_MSGSEND = YES;
				ENABLE_TESTABILITY = YES;
				GCC_C_LANGUAGE_STANDARD = gnu99;
				GCC_DYNAMIC_NO_PIC = NO;
				GCC_NO_COMMON_BLOCKS = YES;
				GCC_OPTIMIZATION_LEVEL = 0;
				GCC_PREPROCESSOR_DEFINITIONS = (
					"DEBUG=1",
					"$(inherited)",
				);
				GCC_WARN_64_TO_32_BIT_CONVERSION = YES;
				GCC_WARN_ABOUT_RETURN_TYPE = YES_ERROR;
				GCC_WARN_UNDECLARED_SELECTOR = YES;
				GCC_WARN_UNINITIALIZED_AUTOS = YES_AGGRESSIVE;
				GCC_WARN_UNUSED_FUNCTION = YES;
				GCC_WARN_UNUSED_VARIABLE = YES;
				IPHONEOS_DEPLOYMENT_TARGET = 10.3;
				MTL_ENABLE_DEBUG_INFO = YES;
				ONLY_ACTIVE_ARCH = YES;
				SDKROOT = iphoneos;
				SWIFT_ACTIVE_COMPILATION_CONDITIONS = DEBUG;
				SWIFT_OPTIMIZATION_LEVEL = "-Onone";
				TARGETED_DEVICE_FAMILY = "1,2";
			};
			name = Debug;
		};
		6C7A53961EE43C16004C4779 /* Release */ = {
			isa = XCBuildConfiguration;
			buildSettings = {
				ALWAYS_SEARCH_USER_PATHS = NO;
				CLANG_ANALYZER_NONNULL = YES;
				CLANG_ANALYZER_NUMBER_OBJECT_CONVERSION = YES_AGGRESSIVE;
				CLANG_CXX_LANGUAGE_STANDARD = "gnu++0x";
				CLANG_CXX_LIBRARY = "libc++";
				CLANG_ENABLE_MODULES = YES;
				CLANG_ENABLE_OBJC_ARC = YES;
				CLANG_WARN_BOOL_CONVERSION = YES;
				CLANG_WARN_CONSTANT_CONVERSION = YES;
				CLANG_WARN_DIRECT_OBJC_ISA_USAGE = YES_ERROR;
				CLANG_WARN_DOCUMENTATION_COMMENTS = YES;
				CLANG_WARN_EMPTY_BODY = YES;
				CLANG_WARN_ENUM_CONVERSION = YES;
				CLANG_WARN_INFINITE_RECURSION = YES;
				CLANG_WARN_INT_CONVERSION = YES;
				CLANG_WARN_OBJC_ROOT_CLASS = YES_ERROR;
				CLANG_WARN_SUSPICIOUS_MOVE = YES;
				CLANG_WARN_UNREACHABLE_CODE = YES;
				CLANG_WARN__DUPLICATE_METHOD_MATCH = YES;
				"CODE_SIGN_IDENTITY[sdk=iphoneos*]" = "iPhone Developer";
				COPY_PHASE_STRIP = NO;
				DEBUG_INFORMATION_FORMAT = "dwarf-with-dsym";
				ENABLE_NS_ASSERTIONS = NO;
				ENABLE_STRICT_OBJC_MSGSEND = YES;
				GCC_C_LANGUAGE_STANDARD = gnu99;
				GCC_NO_COMMON_BLOCKS = YES;
				GCC_WARN_64_TO_32_BIT_CONVERSION = YES;
				GCC_WARN_ABOUT_RETURN_TYPE = YES_ERROR;
				GCC_WARN_UNDECLARED_SELECTOR = YES;
				GCC_WARN_UNINITIALIZED_AUTOS = YES_AGGRESSIVE;
				GCC_WARN_UNUSED_FUNCTION = YES;
				GCC_WARN_UNUSED_VARIABLE = YES;
				IPHONEOS_DEPLOYMENT_TARGET = 10.3;
				MTL_ENABLE_DEBUG_INFO = NO;
				SDKROOT = iphoneos;
				SWIFT_OPTIMIZATION_LEVEL = "-Owholemodule";
				TARGETED_DEVICE_FAMILY = "1,2";
				VALIDATE_PRODUCT = YES;
			};
			name = Release;
		};
		6C7A53981EE43C16004C4779 /* Debug */ = {
			isa = XCBuildConfiguration;
			buildSettings = {
				ASSETCATALOG_COMPILER_APPICON_NAME = AppIcon;
				DEVELOPMENT_TEAM = XK87ZWXZ25;
				INFOPLIST_FILE = TwitchTvApp/Info.plist;
				IPHONEOS_DEPLOYMENT_TARGET = 9.0;
				LD_RUNPATH_SEARCH_PATHS = "$(inherited) @executable_path/Frameworks";
				PRODUCT_BUNDLE_IDENTIFIER = com.cardosoedgar.TwitchTvApp;
				PRODUCT_NAME = "$(TARGET_NAME)";
				SWIFT_VERSION = 3.0;
			};
			name = Debug;
		};
		6C7A53991EE43C16004C4779 /* Release */ = {
			isa = XCBuildConfiguration;
			buildSettings = {
				ASSETCATALOG_COMPILER_APPICON_NAME = AppIcon;
				DEVELOPMENT_TEAM = XK87ZWXZ25;
				INFOPLIST_FILE = TwitchTvApp/Info.plist;
				IPHONEOS_DEPLOYMENT_TARGET = 9.0;
				LD_RUNPATH_SEARCH_PATHS = "$(inherited) @executable_path/Frameworks";
				PRODUCT_BUNDLE_IDENTIFIER = com.cardosoedgar.TwitchTvApp;
				PRODUCT_NAME = "$(TARGET_NAME)";
				SWIFT_VERSION = 3.0;
			};
			name = Release;
		};
		6C7A539B1EE43C16004C4779 /* Debug */ = {
			isa = XCBuildConfiguration;
			buildSettings = {
				ALWAYS_EMBED_SWIFT_STANDARD_LIBRARIES = YES;
				BUNDLE_LOADER = "$(TEST_HOST)";
				DEVELOPMENT_TEAM = XK87ZWXZ25;
				INFOPLIST_FILE = TwitchTvAppTests/Info.plist;
				LD_RUNPATH_SEARCH_PATHS = "$(inherited) @executable_path/Frameworks @loader_path/Frameworks";
				PRODUCT_BUNDLE_IDENTIFIER = com.cardosoedgar.TwitchTvAppTests;
				PRODUCT_NAME = "$(TARGET_NAME)";
				SWIFT_VERSION = 3.0;
				TEST_HOST = "$(BUILT_PRODUCTS_DIR)/TwitchTvApp.app/TwitchTvApp";
			};
			name = Debug;
		};
		6C7A539C1EE43C16004C4779 /* Release */ = {
			isa = XCBuildConfiguration;
			buildSettings = {
				ALWAYS_EMBED_SWIFT_STANDARD_LIBRARIES = YES;
				BUNDLE_LOADER = "$(TEST_HOST)";
				DEVELOPMENT_TEAM = XK87ZWXZ25;
				INFOPLIST_FILE = TwitchTvAppTests/Info.plist;
				LD_RUNPATH_SEARCH_PATHS = "$(inherited) @executable_path/Frameworks @loader_path/Frameworks";
				PRODUCT_BUNDLE_IDENTIFIER = com.cardosoedgar.TwitchTvAppTests;
				PRODUCT_NAME = "$(TARGET_NAME)";
				SWIFT_VERSION = 3.0;
				TEST_HOST = "$(BUILT_PRODUCTS_DIR)/TwitchTvApp.app/TwitchTvApp";
			};
			name = Release;
		};
/* End XCBuildConfiguration section */

/* Begin XCConfigurationList section */
		6C7A53721EE43C16004C4779 /* Build configuration list for PBXProject "TwitchTvApp" */ = {
			isa = XCConfigurationList;
			buildConfigurations = (
				6C7A53951EE43C16004C4779 /* Debug */,
				6C7A53961EE43C16004C4779 /* Release */,
			);
			defaultConfigurationIsVisible = 0;
			defaultConfigurationName = Release;
		};
		6C7A53971EE43C16004C4779 /* Build configuration list for PBXNativeTarget "TwitchTvApp" */ = {
			isa = XCConfigurationList;
			buildConfigurations = (
				6C7A53981EE43C16004C4779 /* Debug */,
				6C7A53991EE43C16004C4779 /* Release */,
			);
			defaultConfigurationIsVisible = 0;
			defaultConfigurationName = Release;
		};
		6C7A539A1EE43C16004C4779 /* Build configuration list for PBXNativeTarget "TwitchTvAppTests" */ = {
			isa = XCConfigurationList;
			buildConfigurations = (
				6C7A539B1EE43C16004C4779 /* Debug */,
				6C7A539C1EE43C16004C4779 /* Release */,
			);
			defaultConfigurationIsVisible = 0;
			defaultConfigurationName = Release;
		};
/* End XCConfigurationList section */

/* Begin XCVersionGroup section */
		6C7A53811EE43C16004C4779 /* TwitchTvApp.xcdatamodeld */ = {
			isa = XCVersionGroup;
			children = (
				6C7A53821EE43C16004C4779 /* TwitchTvApp.xcdatamodel */,
			);
			currentVersion = 6C7A53821EE43C16004C4779 /* TwitchTvApp.xcdatamodel */;
			path = TwitchTvApp.xcdatamodeld;
			sourceTree = "<group>";
			versionGroupType = wrapper.xcdatamodel;
		};
/* End XCVersionGroup section */
	};
	rootObject = 6C7A536F1EE43C16004C4779 /* Project object */;
}
